
Microsoft Visual Studio Solution File, Format Version 12.00
# Visual Studio Version 16
VisualStudioVersion = 16.0.28803.202
MinimumVisualStudioVersion = 10.0.40219.1
Project("{FAE04EC0-301F-11D3-BF4B-00C04F79EFBC}") = "Daniel", "Daniel\Daniel.csproj", "{8B7C1FBA-D483-4A28-82E8-6AF789C5E24A}"
EndProject
Project("{FAE04EC0-301F-11D3-BF4B-00C04F79EFBC}") = "RestaurantTest", "RestaurantTest\RestaurantTest.csproj", "{62F429D3-89B2-438E-A397-46649ACCB374}"
EndProject
Global
	GlobalSection(SolutionConfigurationPlatforms) = preSolution
		Debug|Any CPU = Debug|Any CPU
		Release|Any CPU = Release|Any CPU
	EndGlobalSection
	GlobalSection(ProjectConfigurationPlatforms) = postSolution
		{8B7C1FBA-D483-4A28-82E8-6AF789C5E24A}.Debug|Any CPU.ActiveCfg = Debug|Any CPU
		{8B7C1FBA-D483-4A28-82E8-6AF789C5E24A}.Debug|Any CPU.Build.0 = Debug|Any CPU
		{8B7C1FBA-D483-4A28-82E8-6AF789C5E24A}.Release|Any CPU.ActiveCfg = Release|Any CPU
		{8B7C1FBA-D483-4A28-82E8-6AF789C5E24A}.Release|Any CPU.Build.0 = Release|Any CPU
		{62F429D3-89B2-438E-A397-46649ACCB374}.Debug|Any CPU.ActiveCfg = Debug|Any CPU
		{62F429D3-89B2-438E-A397-46649ACCB374}.Debug|Any CPU.Build.0 = Debug|Any CPU
		{62F429D3-89B2-438E-A397-46649ACCB374}.Release|Any CPU.ActiveCfg = Release|Any CPU
		{62F429D3-89B2-438E-A397-46649ACCB374}.Release|Any CPU.Build.0 = Release|Any CPU
	EndGlobalSection
	GlobalSection(SolutionProperties) = preSolution
		HideSolutionNode = FALSE
	EndGlobalSection
	GlobalSection(ExtensibilityGlobals) = postSolution
		SolutionGuid = {396348F4-7BCC-4BDA-994C-C8EF33072A05}
	EndGlobalSection
EndGlobal
